
Microsoft Visual Studio Solution File, Format Version 12.00
# Visual Studio Version 16
VisualStudioVersion = 16.0.30011.22
MinimumVisualStudioVersion = 10.0.40219.1
Project("{FAE04EC0-301F-11D3-BF4B-00C04F79EFBC}") = "lab6", "lab6.csproj", "{2025BE35-1A36-4A40-A9C6-58C5C22833FE}"
EndProject
Global
	GlobalSection(SolutionConfigurationPlatforms) = preSolution
		Debug|Any CPU = Debug|Any CPU
		Release|Any CPU = Release|Any CPU
	EndGlobalSection
	GlobalSection(ProjectConfigurationPlatforms) = postSolution
		{2025BE35-1A36-4A40-A9C6-58C5C22833FE}.Debug|Any CPU.ActiveCfg = Debug|Any CPU
		{2025BE35-1A36-4A40-A9C6-58C5C22833FE}.Debug|Any CPU.Build.0 = Debug|Any CPU
		{2025BE35-1A36-4A40-A9C6-58C5C22833FE}.Release|Any CPU.ActiveCfg = Release|Any CPU
		{2025BE35-1A36-4A40-A9C6-58C5C22833FE}.Release|Any CPU.Build.0 = Release|Any CPU
	EndGlobalSection
	GlobalSection(SolutionProperties) = preSolution
		HideSolutionNode = FALSE
	EndGlobalSection
	GlobalSection(ExtensibilityGlobals) = postSolution
		SolutionGuid = {6700FCF2-530C-4318-8D20-A4148E96D74F}
	EndGlobalSection
EndGlobal
