
Microsoft Visual Studio Solution File, Format Version 12.00
# Visual Studio Version 16
VisualStudioVersion = 16.0.29920.165
MinimumVisualStudioVersion = 10.0.40219.1
Project("{FAE04EC0-301F-11D3-BF4B-00C04F79EFBC}") = "lab4", "lab4.csproj", "{A04403D3-931F-4778-8C43-528669C713AF}"
EndProject
Global
	GlobalSection(SolutionConfigurationPlatforms) = preSolution
		Debug|Any CPU = Debug|Any CPU
		Release|Any CPU = Release|Any CPU
	EndGlobalSection
	GlobalSection(ProjectConfigurationPlatforms) = postSolution
		{A04403D3-931F-4778-8C43-528669C713AF}.Debug|Any CPU.ActiveCfg = Debug|Any CPU
		{A04403D3-931F-4778-8C43-528669C713AF}.Debug|Any CPU.Build.0 = Debug|Any CPU
		{A04403D3-931F-4778-8C43-528669C713AF}.Release|Any CPU.ActiveCfg = Release|Any CPU
		{A04403D3-931F-4778-8C43-528669C713AF}.Release|Any CPU.Build.0 = Release|Any CPU
	EndGlobalSection
	GlobalSection(SolutionProperties) = preSolution
		HideSolutionNode = FALSE
	EndGlobalSection
	GlobalSection(ExtensibilityGlobals) = postSolution
		SolutionGuid = {612FB592-52EB-4F38-9791-FCC94247B4A4}
	EndGlobalSection
EndGlobal
